
Microsoft Visual Studio Solution File, Format Version 12.00
# Visual Studio 15
VisualStudioVersion = 15.0.26430.16
MinimumVisualStudioVersion = 10.0.40219.1
Project("{FAE04EC0-301F-11D3-BF4B-00C04F79EFBC}") = "Movies", "Movies\Movies.csproj", "{DD64DC59-987E-455C-B025-C83A88959C0C}"
EndProject
Project("{FAE04EC0-301F-11D3-BF4B-00C04F79EFBC}") = "SimpleContainer.Tests", "SimpleContainer.Tests\SimpleContainer.Tests.csproj", "{6609D1C5-ECE4-4421-B67C-77A751833A3E}"
EndProject
Project("{FAE04EC0-301F-11D3-BF4B-00C04F79EFBC}") = "SimpleContainer", "SimpleContainer\SimpleContainer.csproj", "{D3262E78-BCCA-460A-A1A5-17A73677B610}"
EndProject
Project("{FAE04EC0-301F-11D3-BF4B-00C04F79EFBC}") = "SimpleContainer.Mvc", "SimpleContainer.Mvc\SimpleContainer.Mvc.csproj", "{1C80B39B-10CC-460E-8EB8-84EA18FB24B6}"
EndProject
Project("{2150E333-8FDC-42A3-9474-1A3956D46DE8}") = "Solution Items", "Solution Items", "{71BD1D3F-8172-48DE-B9AF-05A9E169990F}"
	ProjectSection(SolutionItems) = preProject
		README.md = README.md
	EndProjectSection
EndProject
Global
	GlobalSection(SolutionConfigurationPlatforms) = preSolution
		Debug|Any CPU = Debug|Any CPU
		Release|Any CPU = Release|Any CPU
	EndGlobalSection
	GlobalSection(ProjectConfigurationPlatforms) = postSolution
		{DD64DC59-987E-455C-B025-C83A88959C0C}.Debug|Any CPU.ActiveCfg = Debug|Any CPU
		{DD64DC59-987E-455C-B025-C83A88959C0C}.Debug|Any CPU.Build.0 = Debug|Any CPU
		{DD64DC59-987E-455C-B025-C83A88959C0C}.Release|Any CPU.ActiveCfg = Release|Any CPU
		{DD64DC59-987E-455C-B025-C83A88959C0C}.Release|Any CPU.Build.0 = Release|Any CPU
		{6609D1C5-ECE4-4421-B67C-77A751833A3E}.Debug|Any CPU.ActiveCfg = Debug|Any CPU
		{6609D1C5-ECE4-4421-B67C-77A751833A3E}.Debug|Any CPU.Build.0 = Debug|Any CPU
		{6609D1C5-ECE4-4421-B67C-77A751833A3E}.Release|Any CPU.ActiveCfg = Release|Any CPU
		{6609D1C5-ECE4-4421-B67C-77A751833A3E}.Release|Any CPU.Build.0 = Release|Any CPU
		{D3262E78-BCCA-460A-A1A5-17A73677B610}.Debug|Any CPU.ActiveCfg = Debug|Any CPU
		{D3262E78-BCCA-460A-A1A5-17A73677B610}.Debug|Any CPU.Build.0 = Debug|Any CPU
		{D3262E78-BCCA-460A-A1A5-17A73677B610}.Release|Any CPU.ActiveCfg = Release|Any CPU
		{D3262E78-BCCA-460A-A1A5-17A73677B610}.Release|Any CPU.Build.0 = Release|Any CPU
		{1C80B39B-10CC-460E-8EB8-84EA18FB24B6}.Debug|Any CPU.ActiveCfg = Debug|Any CPU
		{1C80B39B-10CC-460E-8EB8-84EA18FB24B6}.Debug|Any CPU.Build.0 = Debug|Any CPU
		{1C80B39B-10CC-460E-8EB8-84EA18FB24B6}.Release|Any CPU.ActiveCfg = Release|Any CPU
		{1C80B39B-10CC-460E-8EB8-84EA18FB24B6}.Release|Any CPU.Build.0 = Release|Any CPU
	EndGlobalSection
	GlobalSection(SolutionProperties) = preSolution
		HideSolutionNode = FALSE
	EndGlobalSection
EndGlobal
